
Microsoft Visual Studio Solution File, Format Version 12.00
# Visual Studio Version 16
VisualStudioVersion = 16.0.30517.126
MinimumVisualStudioVersion = 10.0.40219.1
Project("{9A19103F-16F7-4668-BE54-9A1E7A4F7556}") = "AssemblyBrowserWPF", "AssemblyBrowserWPF.csproj", "{161B59A1-907A-49EF-9265-B6F16B843F45}"
EndProject
Project("{9A19103F-16F7-4668-BE54-9A1E7A4F7556}") = "AssemblyBrowser", "..\AssemblyBrowser\AssemblyBrowser.csproj", "{1BF73581-72D6-45CF-AC36-14D959DE6484}"
EndProject
Project("{FAE04EC0-301F-11D3-BF4B-00C04F79EFBC}") = "AssemblyBrowserUnitTests", "..\AssemblyBrowserUnitTests\AssemblyBrowserUnitTests.csproj", "{2A01956B-1D68-41C4-8918-B2267E90D48B}"
EndProject
Global
	GlobalSection(SolutionConfigurationPlatforms) = preSolution
		Debug|Any CPU = Debug|Any CPU
		Release|Any CPU = Release|Any CPU
	EndGlobalSection
	GlobalSection(ProjectConfigurationPlatforms) = postSolution
		{161B59A1-907A-49EF-9265-B6F16B843F45}.Debug|Any CPU.ActiveCfg = Debug|Any CPU
		{161B59A1-907A-49EF-9265-B6F16B843F45}.Debug|Any CPU.Build.0 = Debug|Any CPU
		{161B59A1-907A-49EF-9265-B6F16B843F45}.Release|Any CPU.ActiveCfg = Release|Any CPU
		{161B59A1-907A-49EF-9265-B6F16B843F45}.Release|Any CPU.Build.0 = Release|Any CPU
		{1BF73581-72D6-45CF-AC36-14D959DE6484}.Debug|Any CPU.ActiveCfg = Debug|Any CPU
		{1BF73581-72D6-45CF-AC36-14D959DE6484}.Debug|Any CPU.Build.0 = Debug|Any CPU
		{1BF73581-72D6-45CF-AC36-14D959DE6484}.Release|Any CPU.ActiveCfg = Release|Any CPU
		{1BF73581-72D6-45CF-AC36-14D959DE6484}.Release|Any CPU.Build.0 = Release|Any CPU
		{2A01956B-1D68-41C4-8918-B2267E90D48B}.Debug|Any CPU.ActiveCfg = Debug|Any CPU
		{2A01956B-1D68-41C4-8918-B2267E90D48B}.Debug|Any CPU.Build.0 = Debug|Any CPU
		{2A01956B-1D68-41C4-8918-B2267E90D48B}.Release|Any CPU.ActiveCfg = Release|Any CPU
		{2A01956B-1D68-41C4-8918-B2267E90D48B}.Release|Any CPU.Build.0 = Release|Any CPU
	EndGlobalSection
	GlobalSection(SolutionProperties) = preSolution
		HideSolutionNode = FALSE
	EndGlobalSection
	GlobalSection(ExtensibilityGlobals) = postSolution
		SolutionGuid = {0B49E229-6516-44BA-BEE3-CC29B43B384E}
	EndGlobalSection
EndGlobal
